{
  "name": "@fnb/sql-client",
  "version": "0.0.1",
  "lockfileVersion": 1,
  "requires": true,
  "dependencies": {
    "ramda-extension": {
      "version": "0.10.3",
      "resolved": "https://registry.npmjs.org/ramda-extension/-/ramda-extension-0.10.3.tgz",
      "integrity": "sha512-6B7tlSL6C7TR/hspLLibmowPEJRkX5pgAN3Mb2DhwFqQIT+KSOtx3fGNdJh3MyViLRil67hFlkeZHOMwBKd+yw=="
    }
  }
}
